
Microsoft Visual Studio Solution File, Format Version 12.00
# Visual Studio Version 17
VisualStudioVersion = 17.3.32922.545
MinimumVisualStudioVersion = 10.0.40219.1
Project("{FAE04EC0-301F-11D3-BF4B-00C04F79EFBC}") = "EPLAN Scripting", "EPLAN Scripting\EPLAN Scripting.csproj", "{5DF2BDAD-2F03-4F5D-85F6-19415B4FCA41}"
EndProject
Global
	GlobalSection(SolutionConfigurationPlatforms) = preSolution
		Debug|Any CPU = Debug|Any CPU
		Release|Any CPU = Release|Any CPU
	EndGlobalSection
	GlobalSection(ProjectConfigurationPlatforms) = postSolution
		{5DF2BDAD-2F03-4F5D-85F6-19415B4FCA41}.Debug|Any CPU.ActiveCfg = Debug|Any CPU
		{5DF2BDAD-2F03-4F5D-85F6-19415B4FCA41}.Debug|Any CPU.Build.0 = Debug|Any CPU
		{5DF2BDAD-2F03-4F5D-85F6-19415B4FCA41}.Release|Any CPU.ActiveCfg = Release|Any CPU
		{5DF2BDAD-2F03-4F5D-85F6-19415B4FCA41}.Release|Any CPU.Build.0 = Release|Any CPU
	EndGlobalSection
	GlobalSection(SolutionProperties) = preSolution
		HideSolutionNode = FALSE
	EndGlobalSection
	GlobalSection(ExtensibilityGlobals) = postSolution
		SolutionGuid = {64D68596-BF95-4286-85DA-485F14268607}
	EndGlobalSection
EndGlobal
